
Microsoft Visual Studio Solution File, Format Version 12.00
# Visual Studio Version 17
VisualStudioVersion = 17.11.35312.102
MinimumVisualStudioVersion = 10.0.40219.1
Project("{FAE04EC0-301F-11D3-BF4B-00C04F79EFBC}") = "MeterMaintenanceApp", "MeterMaintenanceApp\MeterMaintenanceApp.csproj", "{AE3BC336-6F3A-4E52-90EA-671041457141}"
EndProject
Project("{9A19103F-16F7-4668-BE54-9A1E7A4F7556}") = "MeterMaintenanceShared", "MeterMaintenanceShared\MeterMaintenanceShared.csproj", "{3C9FA07B-EF72-41BE-AEE4-4A858CEFE0CF}"
EndProject
Project("{FAE04EC0-301F-11D3-BF4B-00C04F79EFBC}") = "MeterMaintenanceDB", "MeterMaintenanceDB\MeterMaintenanceDB.csproj", "{C57998F0-3EE2-4DBD-830D-DF196B80601F}"
EndProject
Project("{FAE04EC0-301F-11D3-BF4B-00C04F79EFBC}") = "MeterMaintenanceAPI", "MeterMaintenanceAPI\MeterMaintenanceAPI.csproj", "{9A539C62-E702-483F-B11C-E505651271FC}"
EndProject
Project("{FAE04EC0-301F-11D3-BF4B-00C04F79EFBC}") = "MeterMaintenanceSetup", "MeterMaintenanceSetup\MeterMaintenanceSetup.csproj", "{22F02B19-160F-46A0-A4A0-EFA9E05F46DE}"
EndProject
Global
	GlobalSection(SolutionConfigurationPlatforms) = preSolution
		Debug|Any CPU = Debug|Any CPU
		Release|Any CPU = Release|Any CPU
	EndGlobalSection
	GlobalSection(ProjectConfigurationPlatforms) = postSolution
		{AE3BC336-6F3A-4E52-90EA-671041457141}.Debug|Any CPU.ActiveCfg = Debug|Any CPU
		{AE3BC336-6F3A-4E52-90EA-671041457141}.Debug|Any CPU.Build.0 = Debug|Any CPU
		{AE3BC336-6F3A-4E52-90EA-671041457141}.Release|Any CPU.ActiveCfg = Release|Any CPU
		{AE3BC336-6F3A-4E52-90EA-671041457141}.Release|Any CPU.Build.0 = Release|Any CPU
		{3C9FA07B-EF72-41BE-AEE4-4A858CEFE0CF}.Debug|Any CPU.ActiveCfg = Debug|Any CPU
		{3C9FA07B-EF72-41BE-AEE4-4A858CEFE0CF}.Debug|Any CPU.Build.0 = Debug|Any CPU
		{3C9FA07B-EF72-41BE-AEE4-4A858CEFE0CF}.Release|Any CPU.ActiveCfg = Release|Any CPU
		{3C9FA07B-EF72-41BE-AEE4-4A858CEFE0CF}.Release|Any CPU.Build.0 = Release|Any CPU
		{C57998F0-3EE2-4DBD-830D-DF196B80601F}.Debug|Any CPU.ActiveCfg = Debug|Any CPU
		{C57998F0-3EE2-4DBD-830D-DF196B80601F}.Debug|Any CPU.Build.0 = Debug|Any CPU
		{C57998F0-3EE2-4DBD-830D-DF196B80601F}.Release|Any CPU.ActiveCfg = Release|Any CPU
		{C57998F0-3EE2-4DBD-830D-DF196B80601F}.Release|Any CPU.Build.0 = Release|Any CPU
		{9A539C62-E702-483F-B11C-E505651271FC}.Debug|Any CPU.ActiveCfg = Debug|Any CPU
		{9A539C62-E702-483F-B11C-E505651271FC}.Debug|Any CPU.Build.0 = Debug|Any CPU
		{9A539C62-E702-483F-B11C-E505651271FC}.Release|Any CPU.ActiveCfg = Release|Any CPU
		{9A539C62-E702-483F-B11C-E505651271FC}.Release|Any CPU.Build.0 = Release|Any CPU
		{22F02B19-160F-46A0-A4A0-EFA9E05F46DE}.Debug|Any CPU.ActiveCfg = Debug|Any CPU
		{22F02B19-160F-46A0-A4A0-EFA9E05F46DE}.Debug|Any CPU.Build.0 = Debug|Any CPU
		{22F02B19-160F-46A0-A4A0-EFA9E05F46DE}.Release|Any CPU.ActiveCfg = Release|Any CPU
		{22F02B19-160F-46A0-A4A0-EFA9E05F46DE}.Release|Any CPU.Build.0 = Release|Any CPU
	EndGlobalSection
	GlobalSection(SolutionProperties) = preSolution
		HideSolutionNode = FALSE
	EndGlobalSection
	GlobalSection(ExtensibilityGlobals) = postSolution
		SolutionGuid = {C4B759BE-F5AE-4EF1-B49C-71E897379097}
	EndGlobalSection
EndGlobal
